{
  "name": "wml-lib",
  "version": "0.1.0",
  "lockfileVersion": 3,
  "requires": true,
  "packages": {
    "": {
      "name": "wml-lib",
      "version": "0.1.0",
      "license": "MIT",
      "bin": {
        "wml": "src/cli/index.js"
      },
      "engines": {
        "node": ">=21.0.0"
      },
      "peerDependencies": {
        "binaryen": ">=119.0.0",
        "chokidar": ">=3.0.0"
      },
      "peerDependenciesMeta": {
        "binaryen": {
          "optional": true
        },
        "chokidar": {
          "optional": true
        }
      }
    }
  }
}
